
Microsoft Visual Studio Solution File, Format Version 12.00
# Visual Studio Version 17
VisualStudioVersion = 17.1.32319.34
MinimumVisualStudioVersion = 10.0.40219.1
Project("{FAE04EC0-301F-11D3-BF4B-00C04F79EFBC}") = "RecochanTTSbot", "RecochanTTSbot\RecochanTTSbot.csproj", "{54130E11-8962-4073-B4E9-FB65991738FC}"
EndProject
Global
	GlobalSection(SolutionConfigurationPlatforms) = preSolution
		Debug|Any CPU = Debug|Any CPU
		Release|Any CPU = Release|Any CPU
	EndGlobalSection
	GlobalSection(ProjectConfigurationPlatforms) = postSolution
		{54130E11-8962-4073-B4E9-FB65991738FC}.Debug|Any CPU.ActiveCfg = Debug|Any CPU
		{54130E11-8962-4073-B4E9-FB65991738FC}.Debug|Any CPU.Build.0 = Debug|Any CPU
		{54130E11-8962-4073-B4E9-FB65991738FC}.Release|Any CPU.ActiveCfg = Release|Any CPU
		{54130E11-8962-4073-B4E9-FB65991738FC}.Release|Any CPU.Build.0 = Release|Any CPU
	EndGlobalSection
	GlobalSection(SolutionProperties) = preSolution
		HideSolutionNode = FALSE
	EndGlobalSection
	GlobalSection(ExtensibilityGlobals) = postSolution
		SolutionGuid = {9FBD4173-D1C4-4BCD-9A37-BC17BB091081}
	EndGlobalSection
EndGlobal
